
Microsoft Visual Studio Solution File, Format Version 12.00
# Visual Studio 15
VisualStudioVersion = 15.0.27130.2024
MinimumVisualStudioVersion = 10.0.40219.1
Project("{9A19103F-16F7-4668-BE54-9A1E7A4F7556}") = "BestStories", "BestStoriesDemo\BestStories.csproj", "{2A0D8511-43D5-4810-9D49-4BAF38BDA671}"
EndProject
Global
	GlobalSection(SolutionConfigurationPlatforms) = preSolution
		Debug|Any CPU = Debug|Any CPU
		Release|Any CPU = Release|Any CPU
	EndGlobalSection
	GlobalSection(ProjectConfigurationPlatforms) = postSolution
		{2A0D8511-43D5-4810-9D49-4BAF38BDA671}.Debug|Any CPU.ActiveCfg = Debug|Any CPU
		{2A0D8511-43D5-4810-9D49-4BAF38BDA671}.Debug|Any CPU.Build.0 = Debug|Any CPU
		{2A0D8511-43D5-4810-9D49-4BAF38BDA671}.Release|Any CPU.ActiveCfg = Release|Any CPU
		{2A0D8511-43D5-4810-9D49-4BAF38BDA671}.Release|Any CPU.Build.0 = Release|Any CPU
	EndGlobalSection
	GlobalSection(SolutionProperties) = preSolution
		HideSolutionNode = FALSE
	EndGlobalSection
	GlobalSection(ExtensibilityGlobals) = postSolution
		SolutionGuid = {7BFC2E74-58DF-42DC-941B-65439825748E}
	EndGlobalSection
EndGlobal
